
Microsoft Visual Studio Solution File, Format Version 12.00
# Visual Studio Version 17
VisualStudioVersion = 17.0.31919.166
MinimumVisualStudioVersion = 10.0.40219.1
Project("{FAE04EC0-301F-11D3-BF4B-00C04F79EFBC}") = "farm", "farm.csproj", "{25689528-707D-49EA-8180-0D748DC7C04F}"
EndProject
Project("{FAE04EC0-301F-11D3-BF4B-00C04F79EFBC}") = "ClassLibrary", "..\ClassLibrary\ClassLibrary.csproj", "{6971E61F-C3EE-417E-9A0A-C1190263A19C}"
EndProject
Global
	GlobalSection(SolutionConfigurationPlatforms) = preSolution
		Debug|Any CPU = Debug|Any CPU
		Release|Any CPU = Release|Any CPU
	EndGlobalSection
	GlobalSection(ProjectConfigurationPlatforms) = postSolution
		{25689528-707D-49EA-8180-0D748DC7C04F}.Debug|Any CPU.ActiveCfg = Debug|Any CPU
		{25689528-707D-49EA-8180-0D748DC7C04F}.Debug|Any CPU.Build.0 = Debug|Any CPU
		{25689528-707D-49EA-8180-0D748DC7C04F}.Release|Any CPU.ActiveCfg = Release|Any CPU
		{25689528-707D-49EA-8180-0D748DC7C04F}.Release|Any CPU.Build.0 = Release|Any CPU
		{6971E61F-C3EE-417E-9A0A-C1190263A19C}.Debug|Any CPU.ActiveCfg = Debug|Any CPU
		{6971E61F-C3EE-417E-9A0A-C1190263A19C}.Debug|Any CPU.Build.0 = Debug|Any CPU
		{6971E61F-C3EE-417E-9A0A-C1190263A19C}.Release|Any CPU.ActiveCfg = Release|Any CPU
		{6971E61F-C3EE-417E-9A0A-C1190263A19C}.Release|Any CPU.Build.0 = Release|Any CPU
	EndGlobalSection
	GlobalSection(SolutionProperties) = preSolution
		HideSolutionNode = FALSE
	EndGlobalSection
	GlobalSection(ExtensibilityGlobals) = postSolution
		SolutionGuid = {809BE6CF-5E1A-4543-AC3A-7C1E124E27F3}
	EndGlobalSection
EndGlobal
